
Microsoft Visual Studio Solution File, Format Version 12.00
# Visual Studio Version 17
VisualStudioVersion = 17.8.34330.188
MinimumVisualStudioVersion = 10.0.40219.1
Project("{2150E333-8FDC-42A3-9474-1A3956D46DE8}") = "src", "src", "{32482522-1A4F-4BCF-9418-4681E7D3A9B0}"
EndProject
Project("{9A19103F-16F7-4668-BE54-9A1E7A4F7556}") = "DownloaderContext", "src\DownloaderContext\DownloaderContext.csproj", "{1BF66385-D506-4E92-A110-E5CE8C2CE5FD}"
EndProject
Project("{FAE04EC0-301F-11D3-BF4B-00C04F79EFBC}") = "DownloaderV2", "src\DownloaderV2\DownloaderV2.csproj", "{AB98368B-0E74-4D80-AA3E-3E6BFF0CD9A1}"
EndProject
Project("{2150E333-8FDC-42A3-9474-1A3956D46DE8}") = "test", "test", "{800C2D6F-B4AD-4C8C-8520-8C0FCF7365B2}"
EndProject
Global
	GlobalSection(SolutionConfigurationPlatforms) = preSolution
		Debug|Any CPU = Debug|Any CPU
		Release|Any CPU = Release|Any CPU
	EndGlobalSection
	GlobalSection(ProjectConfigurationPlatforms) = postSolution
		{1BF66385-D506-4E92-A110-E5CE8C2CE5FD}.Debug|Any CPU.ActiveCfg = Debug|Any CPU
		{1BF66385-D506-4E92-A110-E5CE8C2CE5FD}.Debug|Any CPU.Build.0 = Debug|Any CPU
		{1BF66385-D506-4E92-A110-E5CE8C2CE5FD}.Release|Any CPU.ActiveCfg = Release|Any CPU
		{1BF66385-D506-4E92-A110-E5CE8C2CE5FD}.Release|Any CPU.Build.0 = Release|Any CPU
		{AB98368B-0E74-4D80-AA3E-3E6BFF0CD9A1}.Debug|Any CPU.ActiveCfg = Debug|Any CPU
		{AB98368B-0E74-4D80-AA3E-3E6BFF0CD9A1}.Debug|Any CPU.Build.0 = Debug|Any CPU
		{AB98368B-0E74-4D80-AA3E-3E6BFF0CD9A1}.Release|Any CPU.ActiveCfg = Release|Any CPU
		{AB98368B-0E74-4D80-AA3E-3E6BFF0CD9A1}.Release|Any CPU.Build.0 = Release|Any CPU
	EndGlobalSection
	GlobalSection(SolutionProperties) = preSolution
		HideSolutionNode = FALSE
	EndGlobalSection
	GlobalSection(NestedProjects) = preSolution
		{1BF66385-D506-4E92-A110-E5CE8C2CE5FD} = {32482522-1A4F-4BCF-9418-4681E7D3A9B0}
		{AB98368B-0E74-4D80-AA3E-3E6BFF0CD9A1} = {32482522-1A4F-4BCF-9418-4681E7D3A9B0}
	EndGlobalSection
	GlobalSection(ExtensibilityGlobals) = postSolution
		SolutionGuid = {6596EE9D-441C-42C4-AEDA-C520A6C06544}
	EndGlobalSection
EndGlobal
